<?xml version="1.0" encoding="utf-8"?>
<Project ToolsVersion="4.0" xmlns="http://schemas.microsoft.com/developer/msbuild/2003">
  <ItemGroup>
    <Filter Include="Artem">
      <UniqueIdentifier>{FEB6D70C-6ACB-FFBD-334D-A31D9F20FCEE}</UniqueIdentifier>
    </Filter>
  </ItemGroup>
  <ItemGroup>
    <ClInclude Include="src\Artem.h" />
    <ClInclude Include="src\Artem\Application.h">
      <Filter>Artem</Filter>
    </ClInclude>
    <ClInclude Include="src\Artem\Core.h">
      <Filter>Artem</Filter>
    </ClInclude>
    <ClInclude Include="src\Artem\EntryPoint.h">
      <Filter>Artem</Filter>
    </ClInclude>
    <ClInclude Include="src\Artem\Log.h">
      <Filter>Artem</Filter>
    </ClInclude>
  </ItemGroup>
  <ItemGroup>
    <ClCompile Include="src\Artem\Application.cpp">
      <Filter>Artem</Filter>
    </ClCompile>
    <ClCompile Include="src\Artem\Log.cpp">
      <Filter>Artem</Filter>
    </ClCompile>
  </ItemGroup>
</Project>